// !$*UTF8*$!
{
	archiveVersion = 1;
	classes = {
	};
	objectVersion = 48;
	objects = {

/* Begin PBXBuildFile section */
		E43EC0F52069EED8005D48EB /* AppDelegate.m in Sources */ = {isa = PBXBuildFile; fileRef = E43EC0F42069EED8005D48EB /* AppDelegate.m */; };
		E43EC0FB2069EED8005D48EB /* Main.storyboard in Resources */ = {isa = PBXBuildFile; fileRef = E43EC0F92069EED8005D48EB /* Main.storyboard */; };
		E43EC0FD2069EED8005D48EB /* Assets.xcassets in Resources */ = {isa = PBXBuildFile; fileRef = E43EC0FC2069EED8005D48EB /* Assets.xcassets */; };
		E43EC1002069EED8005D48EB /* LaunchScreen.storyboard in Resources */ = {isa = PBXBuildFile; fileRef = E43EC0FE2069EED8005D48EB /* LaunchScreen.storyboard */; };
		E43EC1032069EED8005D48EB /* main.m in Sources */ = {isa = PBXBuildFile; fileRef = E43EC1022069EED8005D48EB /* main.m */; };
		E43EC10C2069EF1E005D48EB /* RXDeviceManager.m in Sources */ = {isa = PBXBuildFile; fileRef = E43EC10A2069EF1E005D48EB /* RXDeviceManager.m */; };
		E43EC10F2069F263005D48EB /* ViewController.m in Sources */ = {isa = PBXBuildFile; fileRef = E43EC10E2069F263005D48EB /* ViewController.m */; };
/* End PBXBuildFile section */

/* Begin PBXFileReference section */
		E43EC0F02069EED8005D48EB /* RXDeviceManagerDemo.app */ = {isa = PBXFileReference; explicitFileType = wrapper.application; includeInIndex = 0; path = RXDeviceManagerDemo.app; sourceTree = BUILT_PRODUCTS_DIR; };
		E43EC0F32069EED8005D48EB /* AppDelegate.h */ = {isa = PBXFileReference; lastKnownFileType = sourcecode.c.h; path = AppDelegate.h; sourceTree = "<group>"; };
		E43EC0F42069EED8005D48EB /* AppDelegate.m */ = {isa = PBXFileReference; lastKnownFileType = sourcecode.c.objc; path = AppDelegate.m; sourceTree = "<group>"; };
		E43EC0FA2069EED8005D48EB /* Base */ = {isa = PBXFileReference; lastKnownFileType = file.storyboard; name = Base; path = Base.lproj/Main.storyboard; sourceTree = "<group>"; };
		E43EC0FC2069EED8005D48EB /* Assets.xcassets */ = {isa = PBXFileReference; lastKnownFileType = folder.assetcatalog; path = Assets.xcassets; sourceTree = "<group>"; };
		E43EC0FF2069EED8005D48EB /* Base */ = {isa = PBXFileReference; lastKnownFileType = file.storyboard; name = Base; path = Base.lproj/LaunchScreen.storyboard; sourceTree = "<group>"; };
		E43EC1012069EED8005D48EB /* Info.plist */ = {isa = PBXFileReference; lastKnownFileType = text.plist.xml; path = Info.plist; sourceTree = "<group>"; };
		E43EC1022069EED8005D48EB /* main.m */ = {isa = PBXFileReference; lastKnownFileType = sourcecode.c.objc; path = main.m; sourceTree = "<group>"; };
		E43EC10A2069EF1E005D48EB /* RXDeviceManager.m */ = {isa = PBXFileReference; fileEncoding = 4; lastKnownFileType = sourcecode.c.objc; path = RXDeviceManager.m; sourceTree = "<group>"; };
		E43EC10B2069EF1E005D48EB /* RXDeviceManager.h */ = {isa = PBXFileReference; fileEncoding = 4; lastKnownFileType = sourcecode.c.h; path = RXDeviceManager.h; sourceTree = "<group>"; };
		E43EC10D2069F263005D48EB /* ViewController.h */ = {isa = PBXFileReference; fileEncoding = 4; lastKnownFileType = sourcecode.c.h; path = ViewController.h; sourceTree = "<group>"; };
		E43EC10E2069F263005D48EB /* ViewController.m */ = {isa = PBXFileReference; fileEncoding = 4; lastKnownFileType = sourcecode.c.objc; path = ViewController.m; sourceTree = "<group>"; };
/* End PBXFileReference section */

/* Begin PBXFrameworksBuildPhase section */
		E43EC0ED2069EED8005D48EB /* Frameworks */ = {
			isa = PBXFrameworksBuildPhase;
			buildActionMask = 2147483647;
			files = (
			);
			runOnlyForDeploymentPostprocessing = 0;
		};
/* End PBXFrameworksBuildPhase section */

/* Begin PBXGroup section */
		E43EC0E72069EED8005D48EB = {
			isa = PBXGroup;
			children = (
				E43EC0F22069EED8005D48EB /* RXDeviceManagerDemo */,
				E43EC0F12069EED8005D48EB /* Products */,
			);
			sourceTree = "<group>";
		};
		E43EC0F12069EED8005D48EB /* Products */ = {
			isa = PBXGroup;
			children = (
				E43EC0F02069EED8005D48EB /* RXDeviceManagerDemo.app */,
			);
			name = Products;
			sourceTree = "<group>";
		};
		E43EC0F22069EED8005D48EB /* RXDeviceManagerDemo */ = {
			isa = PBXGroup;
			children = (
				E43EC0F32069EED8005D48EB /* AppDelegate.h */,
				E43EC0F42069EED8005D48EB /* AppDelegate.m */,
				E43EC10D2069F263005D48EB /* ViewController.h */,
				E43EC10E2069F263005D48EB /* ViewController.m */,
				E43EC0F92069EED8005D48EB /* Main.storyboard */,
				E43EC0FC2069EED8005D48EB /* Assets.xcassets */,
				E43EC0FE2069EED8005D48EB /* LaunchScreen.storyboard */,
				E43EC1012069EED8005D48EB /* Info.plist */,
				E43EC1022069EED8005D48EB /* main.m */,
				E43EC1092069EF1E005D48EB /* RXDeviceManager */,
			);
			path = RXDeviceManagerDemo;
			sourceTree = "<group>";
		};
		E43EC1092069EF1E005D48EB /* RXDeviceManager */ = {
			isa = PBXGroup;
			children = (
				E43EC10B2069EF1E005D48EB /* RXDeviceManager.h */,
				E43EC10A2069EF1E005D48EB /* RXDeviceManager.m */,
			);
			name = RXDeviceManager;
			path = ../../RXDeviceManager;
			sourceTree = "<group>";
		};
/* End PBXGroup section */

/* Begin PBXNativeTarget section */
		E43EC0EF2069EED8005D48EB /* RXDeviceManagerDemo */ = {
			isa = PBXNativeTarget;
			buildConfigurationList = E43EC1062069EED8005D48EB /* Build configuration list for PBXNativeTarget "RXDeviceManagerDemo" */;
			buildPhases = (
				E43EC0EC2069EED8005D48EB /* Sources */,
				E43EC0ED2069EED8005D48EB /* Frameworks */,
				E43EC0EE2069EED8005D48EB /* Resources */,
			);
			buildRules = (
			);
			dependencies = (
			);
			name = RXDeviceManagerDemo;
			productName = RXDeviceManagerDemo;
			productReference = E43EC0F02069EED8005D48EB /* RXDeviceManagerDemo.app */;
			productType = "com.apple.product-type.application";
		};
/* End PBXNativeTarget section */

/* Begin PBXProject section */
		E43EC0E82069EED8005D48EB /* Project object */ = {
			isa = PBXProject;
			attributes = {
				LastUpgradeCheck = 0920;
				ORGANIZATIONNAME = RX;
				TargetAttributes = {
					E43EC0EF2069EED8005D48EB = {
						CreatedOnToolsVersion = 9.2;
						ProvisioningStyle = Automatic;
					};
				};
			};
			buildConfigurationList = E43EC0EB2069EED8005D48EB /* Build configuration list for PBXProject "RXDeviceManagerDemo" */;
			compatibilityVersion = "Xcode 8.0";
			developmentRegion = en;
			hasScannedForEncodings = 0;
			knownRegions = (
				en,
				Base,
			);
			mainGroup = E43EC0E72069EED8005D48EB;
			productRefGroup = E43EC0F12069EED8005D48EB /* Products */;
			projectDirPath = "";
			projectRoot = "";
			targets = (
				E43EC0EF2069EED8005D48EB /* RXDeviceManagerDemo */,
			);
		};
/* End PBXProject section */

/* Begin PBXResourcesBuildPhase section */
		E43EC0EE2069EED8005D48EB /* Resources */ = {
			isa = PBXResourcesBuildPhase;
			buildActionMask = 2147483647;
			files = (
				E43EC1002069EED8005D48EB /* LaunchScreen.storyboard in Resources */,
				E43EC0FD2069EED8005D48EB /* Assets.xcassets in Resources */,
				E43EC0FB2069EED8005D48EB /* Main.storyboard in Resources */,
			);
			runOnlyForDeploymentPostprocessing = 0;
		};
/* End PBXResourcesBuildPhase section */

/* Begin PBXSourcesBuildPhase section */
		E43EC0EC2069EED8005D48EB /* Sources */ = {
			isa = PBXSourcesBuildPhase;
			buildActionMask = 2147483647;
			files = (
				E43EC1032069EED8005D48EB /* main.m in Sources */,
				E43EC10C2069EF1E005D48EB /* RXDeviceManager.m in Sources */,
				E43EC10F2069F263005D48EB /* ViewController.m in Sources */,
				E43EC0F52069EED8005D48EB /* AppDelegate.m in Sources */,
			);
			runOnlyForDeploymentPostprocessing = 0;
		};
/* End PBXSourcesBuildPhase section */

/* Begin PBXVariantGroup section */
		E43EC0F92069EED8005D48EB /* Main.storyboard */ = {
			isa = PBXVariantGroup;
			children = (
				E43EC0FA2069EED8005D48EB /* Base */,
			);
			name = Main.storyboard;
			sourceTree = "<group>";
		};
		E43EC0FE2069EED8005D48EB /* LaunchScreen.storyboard */ = {
			isa = PBXVariantGroup;
			children = (
				E43EC0FF2069EED8005D48EB /* Base */,
			);
			name = LaunchScreen.storyboard;
			sourceTree = "<group>";
		};
/* End PBXVariantGroup section */

/* Begin XCBuildConfiguration section */
		E43EC1042069EED8005D48EB /* Debug */ = {
			isa = XCBuildConfiguration;
			buildSettings = {
				ALWAYS_SEARCH_USER_PATHS = NO;
				CLANG_ANALYZER_NONNULL = YES;
				CLANG_ANALYZER_NUMBER_OBJECT_CONVERSION = YES_AGGRESSIVE;
				CLANG_CXX_LANGUAGE_STANDARD = "gnu++14";
				CLANG_CXX_LIBRARY = "libc++";
				CLANG_ENABLE_MODULES = YES;
				CLANG_ENABLE_OBJC_ARC = YES;
				CLANG_WARN_BLOCK_CAPTURE_AUTORELEASING = YES;
				CLANG_WARN_BOOL_CONVERSION = YES;
				CLANG_WARN_COMMA = YES;
				CLANG_WARN_CONSTANT_CONVERSION = YES;
				CLANG_WARN_DIRECT_OBJC_ISA_USAGE = YES_ERROR;
				CLANG_WARN_DOCUMENTATION_COMMENTS = YES;
				CLANG_WARN_EMPTY_BODY = YES;
				CLANG_WARN_ENUM_CONVERSION = YES;
				CLANG_WARN_INFINITE_RECURSION = YES;
				CLANG_WARN_INT_CONVERSION = YES;
				CLANG_WARN_NON_LITERAL_NULL_CONVERSION = YES;
				CLANG_WARN_OBJC_LITERAL_CONVERSION = YES;
				CLANG_WARN_OBJC_ROOT_CLASS = YES_ERROR;
				CLANG_WARN_RANGE_LOOP_ANALYSIS = YES;
				CLANG_WARN_STRICT_PROTOTYPES = YES;
				CLANG_WARN_SUSPICIOUS_MOVE = YES;
				CLANG_WARN_UNGUARDED_AVAILABILITY = YES_AGGRESSIVE;
				CLANG_WARN_UNREACHABLE_CODE = YES;
				CLANG_WARN__DUPLICATE_METHOD_MATCH = YES;
				CODE_SIGN_IDENTITY = "iPhone Developer";
				COPY_PHASE_STRIP = NO;
				DEBUG_INFORMATION_FORMAT = dwarf;
				ENABLE_STRICT_OBJC_MSGSEND = YES;
				ENABLE_TESTABILITY = YES;
				GCC_C_LANGUAGE_STANDARD = gnu11;
				GCC_DYNAMIC_NO_PIC = NO;
				GCC_NO_COMMON_BLOCKS = YES;
				GCC_OPTIMIZATION_LEVEL = 0;
				GCC_PREPROCESSOR_DEFINITIONS = (
					"DEBUG=1",
					"$(inherited)",
				);
				GCC_WARN_64_TO_32_BIT_CONVERSION = YES;
				GCC_WARN_ABOUT_RETURN_TYPE = YES_ERROR;
				GCC_WARN_UNDECLARED_SELECTOR = YES;
				GCC_WARN_UNINITIALIZED_AUTOS = YES_AGGRESSIVE;
				GCC_WARN_UNUSED_FUNCTION = YES;
				GCC_WARN_UNUSED_VARIABLE = YES;
				IPHONEOS_DEPLOYMENT_TARGET = 11.2;
				MTL_ENABLE_DEBUG_INFO = YES;
				ONLY_ACTIVE_ARCH = YES;
				SDKROOT = iphoneos;
			};
			name = Debug;
		};
		E43EC1052069EED8005D48EB /* Release */ = {
			isa = XCBuildConfiguration;
			buildSettings = {
				ALWAYS_SEARCH_USER_PATHS = NO;
				CLANG_ANALYZER_NONNULL = YES;
				CLANG_ANALYZER_NUMBER_OBJECT_CONVERSION = YES_AGGRESSIVE;
				CLANG_CXX_LANGUAGE_STANDARD = "gnu++14";
				CLANG_CXX_LIBRARY = "libc++";
				CLANG_ENABLE_MODULES = YES;
				CLANG_ENABLE_OBJC_ARC = YES;
				CLANG_WARN_BLOCK_CAPTURE_AUTORELEASING = YES;
				CLANG_WARN_BOOL_CONVERSION = YES;
				CLANG_WARN_COMMA = YES;
				CLANG_WARN_CONSTANT_CONVERSION = YES;
				CLANG_WARN_DIRECT_OBJC_ISA_USAGE = YES_ERROR;
				CLANG_WARN_DOCUMENTATION_COMMENTS = YES;
				CLANG_WARN_EMPTY_BODY = YES;
				CLANG_WARN_ENUM_CONVERSION = YES;
				CLANG_WARN_INFINITE_RECURSION = YES;
				CLANG_WARN_INT_CONVERSION = YES;
				CLANG_WARN_NON_LITERAL_NULL_CONVERSION = YES;
				CLANG_WARN_OBJC_LITERAL_CONVERSION = YES;
				CLANG_WARN_OBJC_ROOT_CLASS = YES_ERROR;
				CLANG_WARN_RANGE_LOOP_ANALYSIS = YES;
				CLANG_WARN_STRICT_PROTOTYPES = YES;
				CLANG_WARN_SUSPICIOUS_MOVE = YES;
				CLANG_WARN_UNGUARDED_AVAILABILITY = YES_AGGRESSIVE;
				CLANG_WARN_UNREACHABLE_CODE = YES;
				CLANG_WARN__DUPLICATE_METHOD_MATCH = YES;
				CODE_SIGN_IDENTITY = "iPhone Developer";
				COPY_PHASE_STRIP = NO;
				DEBUG_INFORMATION_FORMAT = "dwarf-with-dsym";
				ENABLE_NS_ASSERTIONS = NO;
				ENABLE_STRICT_OBJC_MSGSEND = YES;
				GCC_C_LANGUAGE_STANDARD = gnu11;
				GCC_NO_COMMON_BLOCKS = YES;
				GCC_WARN_64_TO_32_BIT_CONVERSION = YES;
				GCC_WARN_ABOUT_RETURN_TYPE = YES_ERROR;
				GCC_WARN_UNDECLARED_SELECTOR = YES;
				GCC_WARN_UNINITIALIZED_AUTOS = YES_AGGRESSIVE;
				GCC_WARN_UNUSED_FUNCTION = YES;
				GCC_WARN_UNUSED_VARIABLE = YES;
				IPHONEOS_DEPLOYMENT_TARGET = 11.2;
				MTL_ENABLE_DEBUG_INFO = NO;
				SDKROOT = iphoneos;
				VALIDATE_PRODUCT = YES;
			};
			name = Release;
		};
		E43EC1072069EED8005D48EB /* Debug */ = {
			isa = XCBuildConfiguration;
			buildSettings = {
				ASSETCATALOG_COMPILER_APPICON_NAME = AppIcon;
				CODE_SIGN_STYLE = Automatic;
				INFOPLIST_FILE = RXDeviceManagerDemo/Info.plist;
				LD_RUNPATH_SEARCH_PATHS = "$(inherited) @executable_path/Frameworks";
				PRODUCT_BUNDLE_IDENTIFIER = com.rx.RXDeviceManagerDemo;
				PRODUCT_NAME = "$(TARGET_NAME)";
				TARGETED_DEVICE_FAMILY = "1,2";
			};
			name = Debug;
		};
		E43EC1082069EED8005D48EB /* Release */ = {
			isa = XCBuildConfiguration;
			buildSettings = {
				ASSETCATALOG_COMPILER_APPICON_NAME = AppIcon;
				CODE_SIGN_STYLE = Automatic;
				INFOPLIST_FILE = RXDeviceManagerDemo/Info.plist;
				LD_RUNPATH_SEARCH_PATHS = "$(inherited) @executable_path/Frameworks";
				PRODUCT_BUNDLE_IDENTIFIER = com.rx.RXDeviceManagerDemo;
				PRODUCT_NAME = "$(TARGET_NAME)";
				TARGETED_DEVICE_FAMILY = "1,2";
			};
			name = Release;
		};
/* End XCBuildConfiguration section */

/* Begin XCConfigurationList section */
		E43EC0EB2069EED8005D48EB /* Build configuration list for PBXProject "RXDeviceManagerDemo" */ = {
			isa = XCConfigurationList;
			buildConfigurations = (
				E43EC1042069EED8005D48EB /* Debug */,
				E43EC1052069EED8005D48EB /* Release */,
			);
			defaultConfigurationIsVisible = 0;
			defaultConfigurationName = Release;
		};
		E43EC1062069EED8005D48EB /* Build configuration list for PBXNativeTarget "RXDeviceManagerDemo" */ = {
			isa = XCConfigurationList;
			buildConfigurations = (
				E43EC1072069EED8005D48EB /* Debug */,
				E43EC1082069EED8005D48EB /* Release */,
			);
			defaultConfigurationIsVisible = 0;
			defaultConfigurationName = Release;
		};
/* End XCConfigurationList section */
	};
	rootObject = E43EC0E82069EED8005D48EB /* Project object */;
}
